// !$*UTF8*$!
{
	archiveVersion = 1;
	classes = {
	};
	objectVersion = 77;
	objects = {

/* Begin PBXBuildFile section */
		15AAEC0CDA3C27720C7F2E18 /* KeyboardShortcuts in Frameworks */ = {isa = PBXBuildFile; productRef = 484225E67DB191B3777194BF /* KeyboardShortcuts */; };
		220E4427CE25A98CD96F9AA1 /* lokii_core.swift in Sources */ = {isa = PBXBuildFile; fileRef = 1ABEB6DD96D45D2B3AB5A122 /* lokii_core.swift */; };
		368436915AC064B1A3606C73 /* PreferencesWindowController.swift in Sources */ = {isa = PBXBuildFile; fileRef = A44F7A0C971BF5863D6CC401 /* PreferencesWindowController.swift */; };
		43E1EA3946E3F6FDE146A8EB /* ThemeManager.swift in Sources */ = {isa = PBXBuildFile; fileRef = 04B808522771C196E501D47E /* ThemeManager.swift */; };
		55670C6273A3B5887190D820 /* L10n.swift in Sources */ = {isa = PBXBuildFile; fileRef = 4945594BBD178DAC175979A5 /* L10n.swift */; };
		5BDEA0E43887673E2EFB6AF5 /* PreferencesView.swift in Sources */ = {isa = PBXBuildFile; fileRef = CD253FF760C302BEBDAD521E /* PreferencesView.swift */; };
		6036F92156A6FB17F31A8EC5 /* AppDelegate.swift in Sources */ = {isa = PBXBuildFile; fileRef = B02A9D1952A2A5322D70F9B4 /* AppDelegate.swift */; };
		6C65440D3707233BEDDD2F59 /* FDAGuideView.swift in Sources */ = {isa = PBXBuildFile; fileRef = CBF42044E61241F1D42161BC /* FDAGuideView.swift */; };
		72AA0A7A1F0334891902B63B /* SearchEngine.swift in Sources */ = {isa = PBXBuildFile; fileRef = 379816002C0A5D5D8096C54B /* SearchEngine.swift */; };
		7472ED6EAE1690E80EB277EB /* main.swift in Sources */ = {isa = PBXBuildFile; fileRef = 315BC0505768DC1262CABEDA /* main.swift */; };
		9C2A33321DC2344068BC4713 /* SearchWindow.swift in Sources */ = {isa = PBXBuildFile; fileRef = CD267E77C749892BFB3B6BFA /* SearchWindow.swift */; };
		D845C945605829EFD6777B02 /* Assets.xcassets in Resources */ = {isa = PBXBuildFile; fileRef = 2AEB468C3641DA4F03ED3B21 /* Assets.xcassets */; };
		E4CC034498F0BD54589D670D /* FileKindMap.swift in Sources */ = {isa = PBXBuildFile; fileRef = 695422B3A5FB5EBC85A0D766 /* FileKindMap.swift */; };
		E73C4DEB99F636147064019F /* LokiiWindow.swift in Sources */ = {isa = PBXBuildFile; fileRef = 6FE9AC728B031D49DDADE917 /* LokiiWindow.swift */; };
		E8F36883205D0492A3F9917E /* Localizable.strings in Resources */ = {isa = PBXBuildFile; fileRef = 32DCF9A42DF27EEDA3F2ED92 /* Localizable.strings */; };
		F83537D65D3FFF9BA1F7BB06 /* FDAGuideWindowController.swift in Sources */ = {isa = PBXBuildFile; fileRef = C9607143F4601B2F15F2A0F4 /* FDAGuideWindowController.swift */; };
		FE8E1519D288E897B2E0A137 /* SettingsComponents.swift in Sources */ = {isa = PBXBuildFile; fileRef = BA4E830255B313BE115EA5D1 /* SettingsComponents.swift */; };
/* End PBXBuildFile section */

/* Begin PBXFileReference section */
		04B808522771C196E501D47E /* ThemeManager.swift */ = {isa = PBXFileReference; lastKnownFileType = sourcecode.swift; path = ThemeManager.swift; sourceTree = "<group>"; };
		0EEF1864B7BFEBFEB32B4C84 /* Lokii.app */ = {isa = PBXFileReference; explicitFileType = wrapper.application; includeInIndex = 0; path = Lokii.app; sourceTree = BUILT_PRODUCTS_DIR; };
		13527D399236306E42D34EB3 /* en */ = {isa = PBXFileReference; lastKnownFileType = text.plist.strings; name = en; path = en.lproj/Localizable.strings; sourceTree = "<group>"; };
		1ABEB6DD96D45D2B3AB5A122 /* lokii_core.swift */ = {isa = PBXFileReference; lastKnownFileType = sourcecode.swift; path = lokii_core.swift; sourceTree = "<group>"; };
		245A938DDC4CD962CF827FD1 /* Lokii.entitlements */ = {isa = PBXFileReference; lastKnownFileType = text.plist.entitlements; path = Lokii.entitlements; sourceTree = "<group>"; };
		2AEB468C3641DA4F03ED3B21 /* Assets.xcassets */ = {isa = PBXFileReference; lastKnownFileType = folder.assetcatalog; path = Assets.xcassets; sourceTree = "<group>"; };
		315BC0505768DC1262CABEDA /* main.swift */ = {isa = PBXFileReference; lastKnownFileType = sourcecode.swift; path = main.swift; sourceTree = "<group>"; };
		379816002C0A5D5D8096C54B /* SearchEngine.swift */ = {isa = PBXFileReference; lastKnownFileType = sourcecode.swift; path = SearchEngine.swift; sourceTree = "<group>"; };
		4945594BBD178DAC175979A5 /* L10n.swift */ = {isa = PBXFileReference; lastKnownFileType = sourcecode.swift; path = L10n.swift; sourceTree = "<group>"; };
		65BA160DCBC72B8377D8BDE6 /* zh-Hans */ = {isa = PBXFileReference; lastKnownFileType = text.plist.strings; name = "zh-Hans"; path = "zh-Hans.lproj/Localizable.strings"; sourceTree = "<group>"; };
		695422B3A5FB5EBC85A0D766 /* FileKindMap.swift */ = {isa = PBXFileReference; lastKnownFileType = sourcecode.swift; path = FileKindMap.swift; sourceTree = "<group>"; };
		6FE9AC728B031D49DDADE917 /* LokiiWindow.swift */ = {isa = PBXFileReference; lastKnownFileType = sourcecode.swift; path = LokiiWindow.swift; sourceTree = "<group>"; };
		8B947458DDBFC6998183062C /* Info.plist */ = {isa = PBXFileReference; lastKnownFileType = text.plist; path = Info.plist; sourceTree = "<group>"; };
		A44F7A0C971BF5863D6CC401 /* PreferencesWindowController.swift */ = {isa = PBXFileReference; lastKnownFileType = sourcecode.swift; path = PreferencesWindowController.swift; sourceTree = "<group>"; };
		B02A9D1952A2A5322D70F9B4 /* AppDelegate.swift */ = {isa = PBXFileReference; lastKnownFileType = sourcecode.swift; path = AppDelegate.swift; sourceTree = "<group>"; };
		BA4E830255B313BE115EA5D1 /* SettingsComponents.swift */ = {isa = PBXFileReference; lastKnownFileType = sourcecode.swift; path = SettingsComponents.swift; sourceTree = "<group>"; };
		C9607143F4601B2F15F2A0F4 /* FDAGuideWindowController.swift */ = {isa = PBXFileReference; lastKnownFileType = sourcecode.swift; path = FDAGuideWindowController.swift; sourceTree = "<group>"; };
		CBF42044E61241F1D42161BC /* FDAGuideView.swift */ = {isa = PBXFileReference; lastKnownFileType = sourcecode.swift; path = FDAGuideView.swift; sourceTree = "<group>"; };
		CD253FF760C302BEBDAD521E /* PreferencesView.swift */ = {isa = PBXFileReference; lastKnownFileType = sourcecode.swift; path = PreferencesView.swift; sourceTree = "<group>"; };
		CD267E77C749892BFB3B6BFA /* SearchWindow.swift */ = {isa = PBXFileReference; lastKnownFileType = sourcecode.swift; path = SearchWindow.swift; sourceTree = "<group>"; };
/* End PBXFileReference section */

/* Begin PBXFrameworksBuildPhase section */
		AABF71EEC99DE5F99BD0789F /* Frameworks */ = {
			isa = PBXFrameworksBuildPhase;
			buildActionMask = 2147483647;
			files = (
				15AAEC0CDA3C27720C7F2E18 /* KeyboardShortcuts in Frameworks */,
			);
			runOnlyForDeploymentPostprocessing = 0;
		};
/* End PBXFrameworksBuildPhase section */

/* Begin PBXGroup section */
		0DF61DC06876D6CA9971D4A5 /* Lokii */ = {
			isa = PBXGroup;
			children = (
				B02A9D1952A2A5322D70F9B4 /* AppDelegate.swift */,
				2AEB468C3641DA4F03ED3B21 /* Assets.xcassets */,
				CBF42044E61241F1D42161BC /* FDAGuideView.swift */,
				C9607143F4601B2F15F2A0F4 /* FDAGuideWindowController.swift */,
				695422B3A5FB5EBC85A0D766 /* FileKindMap.swift */,
				8B947458DDBFC6998183062C /* Info.plist */,
				4945594BBD178DAC175979A5 /* L10n.swift */,
				1ABEB6DD96D45D2B3AB5A122 /* lokii_core.swift */,
				245A938DDC4CD962CF827FD1 /* Lokii.entitlements */,
				6FE9AC728B031D49DDADE917 /* LokiiWindow.swift */,
				315BC0505768DC1262CABEDA /* main.swift */,
				CD253FF760C302BEBDAD521E /* PreferencesView.swift */,
				A44F7A0C971BF5863D6CC401 /* PreferencesWindowController.swift */,
				379816002C0A5D5D8096C54B /* SearchEngine.swift */,
				CD267E77C749892BFB3B6BFA /* SearchWindow.swift */,
				BA4E830255B313BE115EA5D1 /* SettingsComponents.swift */,
				04B808522771C196E501D47E /* ThemeManager.swift */,
				AC5F4C27F9F94A645F5F7458 /* Resources */,
			);
			path = Lokii;
			sourceTree = "<group>";
		};
		88ECA066C464C2072D91B368 = {
			isa = PBXGroup;
			children = (
				0DF61DC06876D6CA9971D4A5 /* Lokii */,
				C5102A6210EAC3B741344AED /* Products */,
			);
			sourceTree = "<group>";
		};
		AC5F4C27F9F94A645F5F7458 /* Resources */ = {
			isa = PBXGroup;
			children = (
				32DCF9A42DF27EEDA3F2ED92 /* Localizable.strings */,
			);
			path = Resources;
			sourceTree = "<group>";
		};
		C5102A6210EAC3B741344AED /* Products */ = {
			isa = PBXGroup;
			children = (
				0EEF1864B7BFEBFEB32B4C84 /* Lokii.app */,
			);
			name = Products;
			sourceTree = "<group>";
		};
/* End PBXGroup section */

/* Begin PBXNativeTarget section */
		C44FE80D185D3621601457BB /* Lokii */ = {
			isa = PBXNativeTarget;
			buildConfigurationList = 878F36BB842CE5E1A0FB27CF /* Build configuration list for PBXNativeTarget "Lokii" */;
			buildPhases = (
				2AB993AA608C79977E45447B /* Sources */,
				7600D3D49A1C4476C41D863D /* Resources */,
				AABF71EEC99DE5F99BD0789F /* Frameworks */,
			);
			buildRules = (
			);
			dependencies = (
			);
			name = Lokii;
			packageProductDependencies = (
				484225E67DB191B3777194BF /* KeyboardShortcuts */,
			);
			productName = Lokii;
			productReference = 0EEF1864B7BFEBFEB32B4C84 /* Lokii.app */;
			productType = "com.apple.product-type.application";
		};
/* End PBXNativeTarget section */

/* Begin PBXProject section */
		5342EF186FCAF8902E8B5DEC /* Project object */ = {
			isa = PBXProject;
			attributes = {
				BuildIndependentTargetsInParallel = YES;
				LastUpgradeCheck = 1430;
				TargetAttributes = {
					C44FE80D185D3621601457BB = {
						ProvisioningStyle = Automatic;
					};
				};
			};
			buildConfigurationList = B4BA4ED70358BCB8132903D2 /* Build configuration list for PBXProject "Lokii" */;
			developmentRegion = en;
			hasScannedForEncodings = 0;
			knownRegions = (
				Base,
				en,
				"zh-Hans",
			);
			mainGroup = 88ECA066C464C2072D91B368;
			minimizedProjectReferenceProxies = 1;
			packageReferences = (
				F9F1E479B270D7BB6842A1E0 /* XCRemoteSwiftPackageReference "KeyboardShortcuts" */,
			);
			preferredProjectObjectVersion = 77;
			productRefGroup = C5102A6210EAC3B741344AED /* Products */;
			projectDirPath = "";
			projectRoot = "";
			targets = (
				C44FE80D185D3621601457BB /* Lokii */,
			);
		};
/* End PBXProject section */

/* Begin PBXResourcesBuildPhase section */
		7600D3D49A1C4476C41D863D /* Resources */ = {
			isa = PBXResourcesBuildPhase;
			buildActionMask = 2147483647;
			files = (
				D845C945605829EFD6777B02 /* Assets.xcassets in Resources */,
				E8F36883205D0492A3F9917E /* Localizable.strings in Resources */,
			);
			runOnlyForDeploymentPostprocessing = 0;
		};
/* End PBXResourcesBuildPhase section */

/* Begin PBXSourcesBuildPhase section */
		2AB993AA608C79977E45447B /* Sources */ = {
			isa = PBXSourcesBuildPhase;
			buildActionMask = 2147483647;
			files = (
				6036F92156A6FB17F31A8EC5 /* AppDelegate.swift in Sources */,
				6C65440D3707233BEDDD2F59 /* FDAGuideView.swift in Sources */,
				F83537D65D3FFF9BA1F7BB06 /* FDAGuideWindowController.swift in Sources */,
				E4CC034498F0BD54589D670D /* FileKindMap.swift in Sources */,
				55670C6273A3B5887190D820 /* L10n.swift in Sources */,
				E73C4DEB99F636147064019F /* LokiiWindow.swift in Sources */,
				5BDEA0E43887673E2EFB6AF5 /* PreferencesView.swift in Sources */,
				368436915AC064B1A3606C73 /* PreferencesWindowController.swift in Sources */,
				72AA0A7A1F0334891902B63B /* SearchEngine.swift in Sources */,
				9C2A33321DC2344068BC4713 /* SearchWindow.swift in Sources */,
				FE8E1519D288E897B2E0A137 /* SettingsComponents.swift in Sources */,
				43E1EA3946E3F6FDE146A8EB /* ThemeManager.swift in Sources */,
				220E4427CE25A98CD96F9AA1 /* lokii_core.swift in Sources */,
				7472ED6EAE1690E80EB277EB /* main.swift in Sources */,
			);
			runOnlyForDeploymentPostprocessing = 0;
		};
/* End PBXSourcesBuildPhase section */

/* Begin PBXVariantGroup section */
		32DCF9A42DF27EEDA3F2ED92 /* Localizable.strings */ = {
			isa = PBXVariantGroup;
			children = (
				13527D399236306E42D34EB3 /* en */,
				65BA160DCBC72B8377D8BDE6 /* zh-Hans */,
			);
			name = Localizable.strings;
			sourceTree = "<group>";
		};
/* End PBXVariantGroup section */

/* Begin XCBuildConfiguration section */
		247B8CEBDE2D121C6EF6F54F /* Debug */ = {
			isa = XCBuildConfiguration;
			buildSettings = {
				ALWAYS_SEARCH_USER_PATHS = NO;
				CLANG_ANALYZER_NONNULL = YES;
				CLANG_ANALYZER_NUMBER_OBJECT_CONVERSION = YES_AGGRESSIVE;
				CLANG_CXX_LANGUAGE_STANDARD = "gnu++14";
				CLANG_CXX_LIBRARY = "libc++";
				CLANG_ENABLE_MODULES = YES;
				CLANG_ENABLE_OBJC_ARC = YES;
				CLANG_ENABLE_OBJC_WEAK = YES;
				CLANG_WARN_BLOCK_CAPTURE_AUTORELEASING = YES;
				CLANG_WARN_BOOL_CONVERSION = YES;
				CLANG_WARN_COMMA = YES;
				CLANG_WARN_CONSTANT_CONVERSION = YES;
				CLANG_WARN_DEPRECATED_OBJC_IMPLEMENTATIONS = YES;
				CLANG_WARN_DIRECT_OBJC_ISA_USAGE = YES_ERROR;
				CLANG_WARN_DOCUMENTATION_COMMENTS = YES;
				CLANG_WARN_EMPTY_BODY = YES;
				CLANG_WARN_ENUM_CONVERSION = YES;
				CLANG_WARN_INFINITE_RECURSION = YES;
				CLANG_WARN_INT_CONVERSION = YES;
				CLANG_WARN_NON_LITERAL_NULL_CONVERSION = YES;
				CLANG_WARN_OBJC_IMPLICIT_RETAIN_SELF = YES;
				CLANG_WARN_OBJC_LITERAL_CONVERSION = YES;
				CLANG_WARN_OBJC_ROOT_CLASS = YES_ERROR;
				CLANG_WARN_QUOTED_INCLUDE_IN_FRAMEWORK_HEADER = YES;
				CLANG_WARN_RANGE_LOOP_ANALYSIS = YES;
				CLANG_WARN_STRICT_PROTOTYPES = YES;
				CLANG_WARN_SUSPICIOUS_MOVE = YES;
				CLANG_WARN_UNGUARDED_AVAILABILITY = YES_AGGRESSIVE;
				CLANG_WARN_UNREACHABLE_CODE = YES;
				CLANG_WARN__DUPLICATE_METHOD_MATCH = YES;
				COPY_PHASE_STRIP = NO;
				DEBUG_INFORMATION_FORMAT = dwarf;
				ENABLE_STRICT_OBJC_MSGSEND = YES;
				ENABLE_TESTABILITY = YES;
				GCC_C_LANGUAGE_STANDARD = gnu11;
				GCC_DYNAMIC_NO_PIC = NO;
				GCC_NO_COMMON_BLOCKS = YES;
				GCC_OPTIMIZATION_LEVEL = 0;
				GCC_PREPROCESSOR_DEFINITIONS = (
					"$(inherited)",
					"DEBUG=1",
				);
				GCC_WARN_64_TO_32_BIT_CONVERSION = YES;
				GCC_WARN_ABOUT_RETURN_TYPE = YES_ERROR;
				GCC_WARN_UNDECLARED_SELECTOR = YES;
				GCC_WARN_UNINITIALIZED_AUTOS = YES_AGGRESSIVE;
				GCC_WARN_UNUSED_FUNCTION = YES;
				GCC_WARN_UNUSED_VARIABLE = YES;
				MACOSX_DEPLOYMENT_TARGET = 13.0;
				MTL_ENABLE_DEBUG_INFO = INCLUDE_SOURCE;
				MTL_FAST_MATH = YES;
				ONLY_ACTIVE_ARCH = YES;
				PRODUCT_NAME = "$(TARGET_NAME)";
				SDKROOT = macosx;
				SWIFT_ACTIVE_COMPILATION_CONDITIONS = DEBUG;
				SWIFT_OPTIMIZATION_LEVEL = "-Onone";
				SWIFT_VERSION = 5.9;
			};
			name = Debug;
		};
		5F736E73CBE9EC97CD42D272 /* Debug */ = {
			isa = XCBuildConfiguration;
			buildSettings = {
				ARCHS = arm64;
				ASSETCATALOG_COMPILER_APPICON_NAME = AppIcon;
				CODE_SIGN_ENTITLEMENTS = Lokii/Lokii.entitlements;
				CODE_SIGN_IDENTITY = "-";
				CODE_SIGN_STYLE = Automatic;
				COMBINE_HIDPI_IMAGES = YES;
				ENABLE_HARDENED_RUNTIME = YES;
				INFOPLIST_FILE = Lokii/Info.plist;
				LD_RUNPATH_SEARCH_PATHS = (
					"$(inherited)",
					"@executable_path/../Frameworks",
				);
				LIBRARY_SEARCH_PATHS = (
					"$(SRCROOT)/../target/aarch64-apple-darwin/release",
				);
				OTHER_LDFLAGS = (
					"-llokii_core",
				);
				PRODUCT_BUNDLE_IDENTIFIER = com.lokii.app;
				PRODUCT_NAME = Lokii;
				SDKROOT = macosx;
				SWIFT_INCLUDE_PATHS = "$(SRCROOT)/LokiiCore/Headers";
			};
			name = Debug;
		};
		9770502BB493D996BD932756 /* Release */ = {
			isa = XCBuildConfiguration;
			buildSettings = {
				ARCHS = arm64;
				ASSETCATALOG_COMPILER_APPICON_NAME = AppIcon;
				CODE_SIGN_ENTITLEMENTS = Lokii/Lokii.entitlements;
				CODE_SIGN_IDENTITY = "-";
				CODE_SIGN_STYLE = Automatic;
				COMBINE_HIDPI_IMAGES = YES;
				ENABLE_HARDENED_RUNTIME = YES;
				INFOPLIST_FILE = Lokii/Info.plist;
				LD_RUNPATH_SEARCH_PATHS = (
					"$(inherited)",
					"@executable_path/../Frameworks",
				);
				LIBRARY_SEARCH_PATHS = (
					"$(SRCROOT)/../target/aarch64-apple-darwin/release",
				);
				OTHER_LDFLAGS = (
					"-llokii_core",
				);
				PRODUCT_BUNDLE_IDENTIFIER = com.lokii.app;
				PRODUCT_NAME = Lokii;
				SDKROOT = macosx;
				SWIFT_INCLUDE_PATHS = "$(SRCROOT)/LokiiCore/Headers";
			};
			name = Release;
		};
		D6561575FD4F397F01C9F1B2 /* Release */ = {
			isa = XCBuildConfiguration;
			buildSettings = {
				ALWAYS_SEARCH_USER_PATHS = NO;
				CLANG_ANALYZER_NONNULL = YES;
				CLANG_ANALYZER_NUMBER_OBJECT_CONVERSION = YES_AGGRESSIVE;
				CLANG_CXX_LANGUAGE_STANDARD = "gnu++14";
				CLANG_CXX_LIBRARY = "libc++";
				CLANG_ENABLE_MODULES = YES;
				CLANG_ENABLE_OBJC_ARC = YES;
				CLANG_ENABLE_OBJC_WEAK = YES;
				CLANG_WARN_BLOCK_CAPTURE_AUTORELEASING = YES;
				CLANG_WARN_BOOL_CONVERSION = YES;
				CLANG_WARN_COMMA = YES;
				CLANG_WARN_CONSTANT_CONVERSION = YES;
				CLANG_WARN_DEPRECATED_OBJC_IMPLEMENTATIONS = YES;
				CLANG_WARN_DIRECT_OBJC_ISA_USAGE = YES_ERROR;
				CLANG_WARN_DOCUMENTATION_COMMENTS = YES;
				CLANG_WARN_EMPTY_BODY = YES;
				CLANG_WARN_ENUM_CONVERSION = YES;
				CLANG_WARN_INFINITE_RECURSION = YES;
				CLANG_WARN_INT_CONVERSION = YES;
				CLANG_WARN_NON_LITERAL_NULL_CONVERSION = YES;
				CLANG_WARN_OBJC_IMPLICIT_RETAIN_SELF = YES;
				CLANG_WARN_OBJC_LITERAL_CONVERSION = YES;
				CLANG_WARN_OBJC_ROOT_CLASS = YES_ERROR;
				CLANG_WARN_QUOTED_INCLUDE_IN_FRAMEWORK_HEADER = YES;
				CLANG_WARN_RANGE_LOOP_ANALYSIS = YES;
				CLANG_WARN_STRICT_PROTOTYPES = YES;
				CLANG_WARN_SUSPICIOUS_MOVE = YES;
				CLANG_WARN_UNGUARDED_AVAILABILITY = YES_AGGRESSIVE;
				CLANG_WARN_UNREACHABLE_CODE = YES;
				CLANG_WARN__DUPLICATE_METHOD_MATCH = YES;
				COPY_PHASE_STRIP = NO;
				DEBUG_INFORMATION_FORMAT = "dwarf-with-dsym";
				ENABLE_NS_ASSERTIONS = NO;
				ENABLE_STRICT_OBJC_MSGSEND = YES;
				GCC_C_LANGUAGE_STANDARD = gnu11;
				GCC_NO_COMMON_BLOCKS = YES;
				GCC_WARN_64_TO_32_BIT_CONVERSION = YES;
				GCC_WARN_ABOUT_RETURN_TYPE = YES_ERROR;
				GCC_WARN_UNDECLARED_SELECTOR = YES;
				GCC_WARN_UNINITIALIZED_AUTOS = YES_AGGRESSIVE;
				GCC_WARN_UNUSED_FUNCTION = YES;
				GCC_WARN_UNUSED_VARIABLE = YES;
				MACOSX_DEPLOYMENT_TARGET = 13.0;
				MTL_ENABLE_DEBUG_INFO = NO;
				MTL_FAST_MATH = YES;
				PRODUCT_NAME = "$(TARGET_NAME)";
				SDKROOT = macosx;
				SWIFT_COMPILATION_MODE = wholemodule;
				SWIFT_OPTIMIZATION_LEVEL = "-O";
				SWIFT_VERSION = 5.9;
			};
			name = Release;
		};
/* End XCBuildConfiguration section */

/* Begin XCConfigurationList section */
		878F36BB842CE5E1A0FB27CF /* Build configuration list for PBXNativeTarget "Lokii" */ = {
			isa = XCConfigurationList;
			buildConfigurations = (
				5F736E73CBE9EC97CD42D272 /* Debug */,
				9770502BB493D996BD932756 /* Release */,
			);
			defaultConfigurationIsVisible = 0;
			defaultConfigurationName = Debug;
		};
		B4BA4ED70358BCB8132903D2 /* Build configuration list for PBXProject "Lokii" */ = {
			isa = XCConfigurationList;
			buildConfigurations = (
				247B8CEBDE2D121C6EF6F54F /* Debug */,
				D6561575FD4F397F01C9F1B2 /* Release */,
			);
			defaultConfigurationIsVisible = 0;
			defaultConfigurationName = Debug;
		};
/* End XCConfigurationList section */

/* Begin XCRemoteSwiftPackageReference section */
		F9F1E479B270D7BB6842A1E0 /* XCRemoteSwiftPackageReference "KeyboardShortcuts" */ = {
			isa = XCRemoteSwiftPackageReference;
			repositoryURL = "https://github.com/sindresorhus/KeyboardShortcuts";
			requirement = {
				kind = upToNextMajorVersion;
				minimumVersion = 2.4.0;
			};
		};
/* End XCRemoteSwiftPackageReference section */

/* Begin XCSwiftPackageProductDependency section */
		484225E67DB191B3777194BF /* KeyboardShortcuts */ = {
			isa = XCSwiftPackageProductDependency;
			package = F9F1E479B270D7BB6842A1E0 /* XCRemoteSwiftPackageReference "KeyboardShortcuts" */;
			productName = KeyboardShortcuts;
		};
/* End XCSwiftPackageProductDependency section */
	};
	rootObject = 5342EF186FCAF8902E8B5DEC /* Project object */;
}
